
Microsoft Visual Studio Solution File, Format Version 12.00
# Visual Studio 15
Project("{FAE04EC0-301F-11D3-BF4B-00C04F79EFBC}") = "TemperatureList", "TemperatureList\TemperatureList.csproj", "{2770050A-B8FA-4A2D-8188-85E0B0437ADD}"
EndProject
Global
	GlobalSection(SolutionConfigurationPlatforms) = preSolution
		Debug|Any CPU = Debug|Any CPU
		Release|Any CPU = Release|Any CPU
	EndGlobalSection
	GlobalSection(ProjectConfigurationPlatforms) = postSolution
		{2770050A-B8FA-4A2D-8188-85E0B0437ADD}.Debug|Any CPU.ActiveCfg = Debug|Any CPU
		{2770050A-B8FA-4A2D-8188-85E0B0437ADD}.Debug|Any CPU.Build.0 = Debug|Any CPU
		{2770050A-B8FA-4A2D-8188-85E0B0437ADD}.Release|Any CPU.ActiveCfg = Release|Any CPU
		{2770050A-B8FA-4A2D-8188-85E0B0437ADD}.Release|Any CPU.Build.0 = Release|Any CPU
	EndGlobalSection
EndGlobal
